<?xml version="1.0" encoding="utf-8"?>
<Project ToolsVersion="4.0" xmlns="http://schemas.microsoft.com/developer/msbuild/2003">
  <ItemGroup>
    <Filter Include="Source Files">
      <UniqueIdentifier>{4FC737F1-C7A5-4376-A066-2A32D752A2FF}</UniqueIdentifier>
      <Extensions>cpp;c;cc;cxx;c++;cppm;ixx;def;odl;idl;hpj;bat;asm;asmx</Extensions>
    </Filter>
    <Filter Include="Header Files">
      <UniqueIdentifier>{93995380-89BD-4b04-88EB-625FBE52EBFB}</UniqueIdentifier>
      <Extensions>h;hh;hpp;hxx;h++;hm;inl;inc;ipp;xsd</Extensions>
    </Filter>
    <Filter Include="Resource Files">
      <UniqueIdentifier>{67DA6AB6-F800-4c08-8B7A-83BB121AAD01}</UniqueIdentifier>
      <Extensions>rc;ico;cur;bmp;dlg;rc2;rct;bin;rgs;gif;jpg;jpeg;jpe;resx;tiff;tif;png;wav;mfcribbon-ms</Extensions>
    </Filter>
  </ItemGroup>
  <ItemGroup>
    <ClCompile Include="src\Main.cpp">
      <Filter>Source Files</Filter>
    </ClCompile>
    <ClCompile Include="src\Manager\AssetManager.cpp">
      <Filter>Source Files</Filter>
    </ClCompile>
    <ClCompile Include="src\Manager\InputManager.cpp">
      <Filter>Source Files</Filter>
    </ClCompile>
    <ClCompile Include="src\Manager\logManager.cpp">
      <Filter>Source Files</Filter>
    </ClCompile>
    <ClCompile Include="src\State\StateMachine.cpp">
      <Filter>Source Files</Filter>
    </ClCompile>
    <ClCompile Include="src\States\GameState.cpp">
      <Filter>Source Files</Filter>
    </ClCompile>
    <ClCompile Include="src\States\MainMenuState.cpp">
      <Filter>Source Files</Filter>
    </ClCompile>
    <ClCompile Include="src\States\PauseState.cpp">
      <Filter>Source Files</Filter>
    </ClCompile>
    <ClCompile Include="src\States\SplashState.cpp">
      <Filter>Source Files</Filter>
    </ClCompile>
    <ClCompile Include="src\Swaglords of Space\Bullet.cpp">
      <Filter>Source Files</Filter>
    </ClCompile>
    <ClCompile Include="src\Swaglords of Space\Enemy.cpp">
      <Filter>Source Files</Filter>
    </ClCompile>
    <ClCompile Include="src\Swaglords of Space\Player.cpp">
      <Filter>Source Files</Filter>
    </ClCompile>
    <ClCompile Include="src\Game.cpp">
      <Filter>Source Files</Filter>
    </ClCompile>
    <ClCompile Include="src\States\OptionState.cpp">
      <Filter>Source Files</Filter>
    </ClCompile>
    <ClCompile Include="src\States\LevelState.cpp">
      <Filter>Source Files</Filter>
    </ClCompile>
    <ClCompile Include="src\Manager\FileManager.cpp">
      <Filter>Source Files</Filter>
    </ClCompile>
    <ClCompile Include="src\Layer\LayerMachine.cpp">
      <Filter>Source Files</Filter>
    </ClCompile>
    <ClCompile Include="src\States\Dev States\DevMainState.cpp">
      <Filter>Source Files</Filter>
    </ClCompile>
  </ItemGroup>
  <ItemGroup>
    <ClInclude Include="src\Core\DEFFINITIONS.h">
      <Filter>Header Files</Filter>
    </ClInclude>
    <ClInclude Include="src\Core\log.h">
      <Filter>Header Files</Filter>
    </ClInclude>
    <ClInclude Include="src\Manager\AssetManager.h">
      <Filter>Header Files</Filter>
    </ClInclude>
    <ClInclude Include="src\Manager\InputManager.h">
      <Filter>Header Files</Filter>
    </ClInclude>
    <ClInclude Include="src\Manager\logManager.h">
      <Filter>Header Files</Filter>
    </ClInclude>
    <ClInclude Include="src\State\State.h">
      <Filter>Header Files</Filter>
    </ClInclude>
    <ClInclude Include="src\State\StateMachine.h">
      <Filter>Header Files</Filter>
    </ClInclude>
    <ClInclude Include="src\States\GameState.h">
      <Filter>Header Files</Filter>
    </ClInclude>
    <ClInclude Include="src\States\MainMenuState.h">
      <Filter>Header Files</Filter>
    </ClInclude>
    <ClInclude Include="src\States\PauseState.h">
      <Filter>Header Files</Filter>
    </ClInclude>
    <ClInclude Include="src\States\SplashState.h">
      <Filter>Header Files</Filter>
    </ClInclude>
    <ClInclude Include="src\Swaglords of Space\Bullet.h">
      <Filter>Header Files</Filter>
    </ClInclude>
    <ClInclude Include="src\Swaglords of Space\Enemy.h">
      <Filter>Header Files</Filter>
    </ClInclude>
    <ClInclude Include="src\Swaglords of Space\Player.h">
      <Filter>Header Files</Filter>
    </ClInclude>
    <ClInclude Include="src\Game.h">
      <Filter>Header Files</Filter>
    </ClInclude>
    <ClInclude Include="resource.h">
      <Filter>Header Files</Filter>
    </ClInclude>
    <ClInclude Include="src\States\OptionState.h">
      <Filter>Header Files</Filter>
    </ClInclude>
    <ClInclude Include="src\States\LevelState.h">
      <Filter>Header Files</Filter>
    </ClInclude>
    <ClInclude Include="src\Manager\FileManager.h">
      <Filter>Header Files</Filter>
    </ClInclude>
    <ClInclude Include="src\Layer\Layer.h">
      <Filter>Header Files</Filter>
    </ClInclude>
    <ClInclude Include="src\Layer\LayerMachine.h">
      <Filter>Header Files</Filter>
    </ClInclude>
    <ClInclude Include="src\States\Dev States\DevMainState.h">
      <Filter>Header Files</Filter>
    </ClInclude>
    <ClInclude Include="src\Core\Core.hpp">
      <Filter>Header Files</Filter>
    </ClInclude>
  </ItemGroup>
  <ItemGroup>
    <ResourceCompile Include="Swaglords of Space.rc">
      <Filter>Resource Files</Filter>
    </ResourceCompile>
  </ItemGroup>
  <ItemGroup>
    <Image Include="Resources\res\ICON.ico">
      <Filter>Resource Files</Filter>
    </Image>
    <Image Include="Resources\res\Home Button.png">
      <Filter>Resource Files</Filter>
    </Image>
    <Image Include="Resources\res\Bullet.png">
      <Filter>Resource Files</Filter>
    </Image>
    <Image Include="Resources\res\Game Background.jpg">
      <Filter>Resource Files</Filter>
    </Image>
    <Image Include="Resources\res\Main Menu Background.png">
      <Filter>Resource Files</Filter>
    </Image>
    <Image Include="Resources\res\Option Button.png">
      <Filter>Resource Files</Filter>
    </Image>
    <Image Include="Resources\res\Pause Button.png">
      <Filter>Resource Files</Filter>
    </Image>
    <Image Include="Resources\res\Play Button.png">
      <Filter>Resource Files</Filter>
    </Image>
    <Image Include="Resources\res\Quit Button.png">
      <Filter>Resource Files</Filter>
    </Image>
    <Image Include="Resources\res\Ship.png">
      <Filter>Resource Files</Filter>
    </Image>
    <Image Include="Resources\res\Splash Background.png">
      <Filter>Resource Files</Filter>
    </Image>
  </ItemGroup>
  <ItemGroup>
    <None Include="resources\res\Swag Space.htm" />
    <None Include="Resources\sound\BackgroundMusic.ogg" />
    <None Include="Swaglords of Space.aps" />
  </ItemGroup>
  <ItemGroup>
    <Font Include="Resources\fonts\ALGER.ttf" />
    <Font Include="Resources\fonts\PartyConfettiRegular.ttf" />
  </ItemGroup>
  <ItemGroup>
    <Media Include="Resources\sound\Bullet Sound.wav">
      <Filter>Resource Files</Filter>
    </Media>
    <Media Include="Resources\sound\Rock Break.wav">
      <Filter>Resource Files</Filter>
    </Media>
  </ItemGroup>
</Project>